
Microsoft Visual Studio Solution File, Format Version 12.00
# Visual Studio Version 17
VisualStudioVersion = 17.6.33723.286
MinimumVisualStudioVersion = 10.0.40219.1
Project("{9A19103F-16F7-4668-BE54-9A1E7A4F7556}") = "DoAnIspace", "DoAnIspace\DoAnIspace.csproj", "{DC0FA904-2352-4D9B-B93A-8F41180190DB}"
EndProject
Global
	GlobalSection(SolutionConfigurationPlatforms) = preSolution
		Debug|Any CPU = Debug|Any CPU
		Release|Any CPU = Release|Any CPU
	EndGlobalSection
	GlobalSection(ProjectConfigurationPlatforms) = postSolution
		{DC0FA904-2352-4D9B-B93A-8F41180190DB}.Debug|Any CPU.ActiveCfg = Debug|Any CPU
		{DC0FA904-2352-4D9B-B93A-8F41180190DB}.Debug|Any CPU.Build.0 = Debug|Any CPU
		{DC0FA904-2352-4D9B-B93A-8F41180190DB}.Release|Any CPU.ActiveCfg = Release|Any CPU
		{DC0FA904-2352-4D9B-B93A-8F41180190DB}.Release|Any CPU.Build.0 = Release|Any CPU
	EndGlobalSection
	GlobalSection(SolutionProperties) = preSolution
		HideSolutionNode = FALSE
	EndGlobalSection
	GlobalSection(ExtensibilityGlobals) = postSolution
		SolutionGuid = {90C27209-E963-451C-9861-E6A762013CA3}
	EndGlobalSection
EndGlobal
